
Microsoft Visual Studio Solution File, Format Version 12.00
# Visual Studio Version 18
VisualStudioVersion = 18.1.11312.151 d18.0
MinimumVisualStudioVersion = 10.0.40219.1
Project("{FAE04EC0-301F-11D3-BF4B-00C04F79EFBC}") = "ADOUserSync", "ADOUserSync.csproj", "{EB31A5DE-603E-B42F-C608-8D1F46ADDEEE}"
EndProject
Global
	GlobalSection(SolutionConfigurationPlatforms) = preSolution
		Debug|Any CPU = Debug|Any CPU
		Release|Any CPU = Release|Any CPU
	EndGlobalSection
	GlobalSection(ProjectConfigurationPlatforms) = postSolution
		{EB31A5DE-603E-B42F-C608-8D1F46ADDEEE}.Debug|Any CPU.ActiveCfg = Debug|Any CPU
		{EB31A5DE-603E-B42F-C608-8D1F46ADDEEE}.Debug|Any CPU.Build.0 = Debug|Any CPU
		{EB31A5DE-603E-B42F-C608-8D1F46ADDEEE}.Release|Any CPU.ActiveCfg = Release|Any CPU
		{EB31A5DE-603E-B42F-C608-8D1F46ADDEEE}.Release|Any CPU.Build.0 = Release|Any CPU
	EndGlobalSection
	GlobalSection(SolutionProperties) = preSolution
		HideSolutionNode = FALSE
	EndGlobalSection
	GlobalSection(ExtensibilityGlobals) = postSolution
		SolutionGuid = {1A6F2838-A289-4CB8-AEE7-4B608B9F8067}
	EndGlobalSection
EndGlobal
